github.com/GustavoNicolau/openpix-sdk-go/service v0.0.0-20220626151733-67329a344ad3 h1:yyTvlBibaMJyUBSPNH0/mhJwVVoW8xcj+yuY/9XTapg=
github.com/GustavoNicolau/openpix-sdk-go/service v0.0.0-20220626151733-67329a344ad3/go.mod h1:l9zNtSnQWnKZkxUehTddBVXJh2qAWZe18KmL4pOe7XM=
github.com/GustavoNicolau/openpix-sdk-go/service v0.0.0-20220626152915-3cfa922aebe4 h1:0DENBtd0H0ZEC/YuKK16ZVh9PUa6plVzoCLL/Y305fM=
github.com/GustavoNicolau/openpix-sdk-go/service v0.0.0-20220626152915-3cfa922aebe4/go.mod h1:l9zNtSnQWnKZkxUehTddBVXJh2qAWZe18KmL4pOe7XM=
